
Microsoft Visual Studio Solution File, Format Version 12.00
# Visual Studio Version 17
VisualStudioVersion = 17.10.35027.167
MinimumVisualStudioVersion = 10.0.40219.1
Project("{9A19103F-16F7-4668-BE54-9A1E7A4F7556}") = "Demo.Domain", "Demo.Domain\Demo.Domain.csproj", "{79C458BD-83EB-4CCD-A496-CA2208530DA4}"
EndProject
Project("{9A19103F-16F7-4668-BE54-9A1E7A4F7556}") = "Demo.App", "Demo.App\Demo.App.csproj", "{1A213136-9A0B-467F-B789-F0765D5CD8BE}"
EndProject
Project("{9A19103F-16F7-4668-BE54-9A1E7A4F7556}") = "Demo.Infrastructure", "Demo.Infrastructure\Demo.Infrastructure.csproj", "{034777F4-2727-4AA5-BFA2-72A702D382AE}"
EndProject
Project("{9A19103F-16F7-4668-BE54-9A1E7A4F7556}") = "Demo.PresentationAPI", "Demo.PresentationAPI\Demo.PresentationAPI.csproj", "{8D99BFF3-22B5-4F8A-A2BF-9507A95F4323}"
EndProject
Project("{9A19103F-16F7-4668-BE54-9A1E7A4F7556}") = "Demo.WebApp", "Demo.WebApp\Demo.WebApp.csproj", "{4D68958D-9EB0-4823-B4C5-CD2201AF507A}"
EndProject
Global
	GlobalSection(SolutionConfigurationPlatforms) = preSolution
		Debug|Any CPU = Debug|Any CPU
		Release|Any CPU = Release|Any CPU
	EndGlobalSection
	GlobalSection(ProjectConfigurationPlatforms) = postSolution
		{79C458BD-83EB-4CCD-A496-CA2208530DA4}.Debug|Any CPU.ActiveCfg = Debug|Any CPU
		{79C458BD-83EB-4CCD-A496-CA2208530DA4}.Debug|Any CPU.Build.0 = Debug|Any CPU
		{79C458BD-83EB-4CCD-A496-CA2208530DA4}.Release|Any CPU.ActiveCfg = Release|Any CPU
		{79C458BD-83EB-4CCD-A496-CA2208530DA4}.Release|Any CPU.Build.0 = Release|Any CPU
		{1A213136-9A0B-467F-B789-F0765D5CD8BE}.Debug|Any CPU.ActiveCfg = Debug|Any CPU
		{1A213136-9A0B-467F-B789-F0765D5CD8BE}.Debug|Any CPU.Build.0 = Debug|Any CPU
		{1A213136-9A0B-467F-B789-F0765D5CD8BE}.Release|Any CPU.ActiveCfg = Release|Any CPU
		{1A213136-9A0B-467F-B789-F0765D5CD8BE}.Release|Any CPU.Build.0 = Release|Any CPU
		{034777F4-2727-4AA5-BFA2-72A702D382AE}.Debug|Any CPU.ActiveCfg = Debug|Any CPU
		{034777F4-2727-4AA5-BFA2-72A702D382AE}.Debug|Any CPU.Build.0 = Debug|Any CPU
		{034777F4-2727-4AA5-BFA2-72A702D382AE}.Release|Any CPU.ActiveCfg = Release|Any CPU
		{034777F4-2727-4AA5-BFA2-72A702D382AE}.Release|Any CPU.Build.0 = Release|Any CPU
		{8D99BFF3-22B5-4F8A-A2BF-9507A95F4323}.Debug|Any CPU.ActiveCfg = Debug|Any CPU
		{8D99BFF3-22B5-4F8A-A2BF-9507A95F4323}.Debug|Any CPU.Build.0 = Debug|Any CPU
		{8D99BFF3-22B5-4F8A-A2BF-9507A95F4323}.Release|Any CPU.ActiveCfg = Release|Any CPU
		{8D99BFF3-22B5-4F8A-A2BF-9507A95F4323}.Release|Any CPU.Build.0 = Release|Any CPU
		{4D68958D-9EB0-4823-B4C5-CD2201AF507A}.Debug|Any CPU.ActiveCfg = Debug|Any CPU
		{4D68958D-9EB0-4823-B4C5-CD2201AF507A}.Debug|Any CPU.Build.0 = Debug|Any CPU
		{4D68958D-9EB0-4823-B4C5-CD2201AF507A}.Release|Any CPU.ActiveCfg = Release|Any CPU
		{4D68958D-9EB0-4823-B4C5-CD2201AF507A}.Release|Any CPU.Build.0 = Release|Any CPU
	EndGlobalSection
	GlobalSection(SolutionProperties) = preSolution
		HideSolutionNode = FALSE
	EndGlobalSection
	GlobalSection(ExtensibilityGlobals) = postSolution
		SolutionGuid = {82944585-2026-4198-88D2-ECF04DC9E0CB}
	EndGlobalSection
EndGlobal
